
Microsoft Visual Studio Solution File, Format Version 12.00
# Visual Studio Version 17
VisualStudioVersion = 17.0.31903.59
MinimumVisualStudioVersion = 10.0.40219.1
Project("{2150E333-8FDC-42A3-9474-1A3956D46DE8}") = "src", "src", "{09C1FA16-44F2-4652-B270-A92F5B2A1075}"
EndProject
Project("{FAE04EC0-301F-11D3-BF4B-00C04F79EFBC}") = "EMS.Shared", "src\EMS.Shared\EMS.Shared.csproj", "{8440F8D2-AAD2-4C2F-8A2D-AF667DABA086}"
EndProject
Project("{FAE04EC0-301F-11D3-BF4B-00C04F79EFBC}") = "EMS.Core", "src\EMS.Core\EMS.Core.csproj", "{5EC2AD5B-DB71-492F-917B-8C0E24280473}"
EndProject
Project("{FAE04EC0-301F-11D3-BF4B-00C04F79EFBC}") = "EMS.Infrastructure", "src\EMS.Infrastructure\EMS.Infrastructure.csproj", "{A076F140-2483-4A0C-9CEB-05FD59E40465}"
EndProject
Project("{FAE04EC0-301F-11D3-BF4B-00C04F79EFBC}") = "EMS.WebAPI", "src\EMS.WebAPI\EMS.WebAPI.csproj", "{82234780-F2EE-499B-9B6C-C405A2DDA9E2}"
EndProject
Project("{FAE04EC0-301F-11D3-BF4B-00C04F79EFBC}") = "EMS.Mvc", "src\EMS.Mvc\EMS.Mvc.csproj", "{E3340B2A-5699-484D-9323-36D32C18DB68}"
EndProject
Project("{FAE04EC0-301F-11D3-BF4B-00C04F79EFBC}") = "EMS.BlazorWASM", "src\EMS.BlazorWASM\EMS.BlazorWASM.csproj", "{A9DBE1EE-A182-4EC5-9C26-421F8D645055}"
EndProject
Project("{2150E333-8FDC-42A3-9474-1A3956D46DE8}") = "tests", "tests", "{2A4A9224-28DA-4324-85B9-38DD3AFD2DC0}"
EndProject
Project("{FAE04EC0-301F-11D3-BF4B-00C04F79EFBC}") = "EMS.Tests", "tests\EMS.Tests\EMS.Tests.csproj", "{8B23FCAD-B720-4120-B644-5CE0F1E5CB9A}"
EndProject
Global
	GlobalSection(SolutionConfigurationPlatforms) = preSolution
		Debug|Any CPU = Debug|Any CPU
		Release|Any CPU = Release|Any CPU
	EndGlobalSection
	GlobalSection(SolutionProperties) = preSolution
		HideSolutionNode = FALSE
	EndGlobalSection
	GlobalSection(ProjectConfigurationPlatforms) = postSolution
		{8440F8D2-AAD2-4C2F-8A2D-AF667DABA086}.Debug|Any CPU.ActiveCfg = Debug|Any CPU
		{8440F8D2-AAD2-4C2F-8A2D-AF667DABA086}.Debug|Any CPU.Build.0 = Debug|Any CPU
		{8440F8D2-AAD2-4C2F-8A2D-AF667DABA086}.Release|Any CPU.ActiveCfg = Release|Any CPU
		{8440F8D2-AAD2-4C2F-8A2D-AF667DABA086}.Release|Any CPU.Build.0 = Release|Any CPU
		{5EC2AD5B-DB71-492F-917B-8C0E24280473}.Debug|Any CPU.ActiveCfg = Debug|Any CPU
		{5EC2AD5B-DB71-492F-917B-8C0E24280473}.Debug|Any CPU.Build.0 = Debug|Any CPU
		{5EC2AD5B-DB71-492F-917B-8C0E24280473}.Release|Any CPU.ActiveCfg = Release|Any CPU
		{5EC2AD5B-DB71-492F-917B-8C0E24280473}.Release|Any CPU.Build.0 = Release|Any CPU
		{A076F140-2483-4A0C-9CEB-05FD59E40465}.Debug|Any CPU.ActiveCfg = Debug|Any CPU
		{A076F140-2483-4A0C-9CEB-05FD59E40465}.Debug|Any CPU.Build.0 = Debug|Any CPU
		{A076F140-2483-4A0C-9CEB-05FD59E40465}.Release|Any CPU.ActiveCfg = Release|Any CPU
		{A076F140-2483-4A0C-9CEB-05FD59E40465}.Release|Any CPU.Build.0 = Release|Any CPU
		{82234780-F2EE-499B-9B6C-C405A2DDA9E2}.Debug|Any CPU.ActiveCfg = Debug|Any CPU
		{82234780-F2EE-499B-9B6C-C405A2DDA9E2}.Debug|Any CPU.Build.0 = Debug|Any CPU
		{82234780-F2EE-499B-9B6C-C405A2DDA9E2}.Release|Any CPU.ActiveCfg = Release|Any CPU
		{82234780-F2EE-499B-9B6C-C405A2DDA9E2}.Release|Any CPU.Build.0 = Release|Any CPU
		{E3340B2A-5699-484D-9323-36D32C18DB68}.Debug|Any CPU.ActiveCfg = Debug|Any CPU
		{E3340B2A-5699-484D-9323-36D32C18DB68}.Debug|Any CPU.Build.0 = Debug|Any CPU
		{E3340B2A-5699-484D-9323-36D32C18DB68}.Release|Any CPU.ActiveCfg = Release|Any CPU
		{E3340B2A-5699-484D-9323-36D32C18DB68}.Release|Any CPU.Build.0 = Release|Any CPU
		{A9DBE1EE-A182-4EC5-9C26-421F8D645055}.Debug|Any CPU.ActiveCfg = Debug|Any CPU
		{A9DBE1EE-A182-4EC5-9C26-421F8D645055}.Debug|Any CPU.Build.0 = Debug|Any CPU
		{A9DBE1EE-A182-4EC5-9C26-421F8D645055}.Release|Any CPU.ActiveCfg = Release|Any CPU
		{A9DBE1EE-A182-4EC5-9C26-421F8D645055}.Release|Any CPU.Build.0 = Release|Any CPU
		{8B23FCAD-B720-4120-B644-5CE0F1E5CB9A}.Debug|Any CPU.ActiveCfg = Debug|Any CPU
		{8B23FCAD-B720-4120-B644-5CE0F1E5CB9A}.Debug|Any CPU.Build.0 = Debug|Any CPU
		{8B23FCAD-B720-4120-B644-5CE0F1E5CB9A}.Release|Any CPU.ActiveCfg = Release|Any CPU
		{8B23FCAD-B720-4120-B644-5CE0F1E5CB9A}.Release|Any CPU.Build.0 = Release|Any CPU
	EndGlobalSection
	GlobalSection(NestedProjects) = preSolution
		{8440F8D2-AAD2-4C2F-8A2D-AF667DABA086} = {09C1FA16-44F2-4652-B270-A92F5B2A1075}
		{5EC2AD5B-DB71-492F-917B-8C0E24280473} = {09C1FA16-44F2-4652-B270-A92F5B2A1075}
		{A076F140-2483-4A0C-9CEB-05FD59E40465} = {09C1FA16-44F2-4652-B270-A92F5B2A1075}
		{82234780-F2EE-499B-9B6C-C405A2DDA9E2} = {09C1FA16-44F2-4652-B270-A92F5B2A1075}
		{E3340B2A-5699-484D-9323-36D32C18DB68} = {09C1FA16-44F2-4652-B270-A92F5B2A1075}
		{A9DBE1EE-A182-4EC5-9C26-421F8D645055} = {09C1FA16-44F2-4652-B270-A92F5B2A1075}
		{8B23FCAD-B720-4120-B644-5CE0F1E5CB9A} = {2A4A9224-28DA-4324-85B9-38DD3AFD2DC0}
	EndGlobalSection
EndGlobal
